
Microsoft Visual Studio Solution File, Format Version 12.00
# Visual Studio 15
VisualStudioVersion = 15.0.27703.2035
MinimumVisualStudioVersion = 10.0.40219.1
Project("{FAE04EC0-301F-11D3-BF4B-00C04F79EFBC}") = "VirtualRigBusWin", "VirtualRigBusWin\VirtualRigBusWin.csproj", "{44E9D6B9-0796-4654-9DEB-C5D2320DE4DF}"
EndProject
Project("{FAE04EC0-301F-11D3-BF4B-00C04F79EFBC}") = "KenwoodEmulator", "KenwoodEmulator\KenwoodEmulator.csproj", "{5017906A-89EE-4D06-B439-E694B68C8EF6}"
EndProject
Project("{9A19103F-16F7-4668-BE54-9A1E7A4F7556}") = "HamBusLib", "..\..\hambuslib\HamBusLib\HamBusLib.csproj", "{71E7CF72-8F19-4F6D-A07C-1C78336A861A}"
EndProject
Project("{FAE04EC0-301F-11D3-BF4B-00C04F79EFBC}") = "VirtualKenwoodBusWin", "VirtualKenwoodBusWin\VirtualKenwoodBusWin.csproj", "{B8CFA780-8848-4532-AE2A-E4091AC686EA}"
EndProject
Global
	GlobalSection(SolutionConfigurationPlatforms) = preSolution
		Debug|Any CPU = Debug|Any CPU
		Release|Any CPU = Release|Any CPU
	EndGlobalSection
	GlobalSection(ProjectConfigurationPlatforms) = postSolution
		{44E9D6B9-0796-4654-9DEB-C5D2320DE4DF}.Debug|Any CPU.ActiveCfg = Debug|Any CPU
		{44E9D6B9-0796-4654-9DEB-C5D2320DE4DF}.Debug|Any CPU.Build.0 = Debug|Any CPU
		{44E9D6B9-0796-4654-9DEB-C5D2320DE4DF}.Release|Any CPU.ActiveCfg = Release|Any CPU
		{44E9D6B9-0796-4654-9DEB-C5D2320DE4DF}.Release|Any CPU.Build.0 = Release|Any CPU
		{5017906A-89EE-4D06-B439-E694B68C8EF6}.Debug|Any CPU.ActiveCfg = Debug|Any CPU
		{5017906A-89EE-4D06-B439-E694B68C8EF6}.Debug|Any CPU.Build.0 = Debug|Any CPU
		{5017906A-89EE-4D06-B439-E694B68C8EF6}.Release|Any CPU.ActiveCfg = Release|Any CPU
		{5017906A-89EE-4D06-B439-E694B68C8EF6}.Release|Any CPU.Build.0 = Release|Any CPU
		{71E7CF72-8F19-4F6D-A07C-1C78336A861A}.Debug|Any CPU.ActiveCfg = Debug|Any CPU
		{71E7CF72-8F19-4F6D-A07C-1C78336A861A}.Debug|Any CPU.Build.0 = Debug|Any CPU
		{71E7CF72-8F19-4F6D-A07C-1C78336A861A}.Release|Any CPU.ActiveCfg = Release|Any CPU
		{71E7CF72-8F19-4F6D-A07C-1C78336A861A}.Release|Any CPU.Build.0 = Release|Any CPU
		{B8CFA780-8848-4532-AE2A-E4091AC686EA}.Debug|Any CPU.ActiveCfg = Debug|Any CPU
		{B8CFA780-8848-4532-AE2A-E4091AC686EA}.Debug|Any CPU.Build.0 = Debug|Any CPU
		{B8CFA780-8848-4532-AE2A-E4091AC686EA}.Release|Any CPU.ActiveCfg = Release|Any CPU
		{B8CFA780-8848-4532-AE2A-E4091AC686EA}.Release|Any CPU.Build.0 = Release|Any CPU
	EndGlobalSection
	GlobalSection(SolutionProperties) = preSolution
		HideSolutionNode = FALSE
	EndGlobalSection
	GlobalSection(ExtensibilityGlobals) = postSolution
		SolutionGuid = {7CDD8490-23A2-4B04-B8CD-8D4A63DE43C9}
	EndGlobalSection
EndGlobal
